
Microsoft Visual Studio Solution File, Format Version 12.00
# Visual Studio Version 17
VisualStudioVersion = 17.6.33829.357
MinimumVisualStudioVersion = 10.0.40219.1
Project("{9A19103F-16F7-4668-BE54-9A1E7A4F7556}") = "CTMS", "CTMS.csproj", "{E7E6586D-3293-4D2C-AEE4-F9333FD02474}"
EndProject
Global
	GlobalSection(SolutionConfigurationPlatforms) = preSolution
		Debug|Any CPU = Debug|Any CPU
		Debug|x86 = Debug|x86
		Release|Any CPU = Release|Any CPU
		Release|x86 = Release|x86
	EndGlobalSection
	GlobalSection(ProjectConfigurationPlatforms) = postSolution
		{E7E6586D-3293-4D2C-AEE4-F9333FD02474}.Debug|Any CPU.ActiveCfg = Debug|Any CPU
		{E7E6586D-3293-4D2C-AEE4-F9333FD02474}.Debug|Any CPU.Build.0 = Debug|Any CPU
		{E7E6586D-3293-4D2C-AEE4-F9333FD02474}.Debug|x86.ActiveCfg = Debug|Any CPU
		{E7E6586D-3293-4D2C-AEE4-F9333FD02474}.Debug|x86.Build.0 = Debug|Any CPU
		{E7E6586D-3293-4D2C-AEE4-F9333FD02474}.Release|Any CPU.ActiveCfg = Release|Any CPU
		{E7E6586D-3293-4D2C-AEE4-F9333FD02474}.Release|Any CPU.Build.0 = Release|Any CPU
		{E7E6586D-3293-4D2C-AEE4-F9333FD02474}.Release|x86.ActiveCfg = Release|Any CPU
		{E7E6586D-3293-4D2C-AEE4-F9333FD02474}.Release|x86.Build.0 = Release|Any CPU
	EndGlobalSection
	GlobalSection(SolutionProperties) = preSolution
		HideSolutionNode = FALSE
	EndGlobalSection
	GlobalSection(ExtensibilityGlobals) = postSolution
		SolutionGuid = {92D79217-7507-4EE3-8970-F922EC0A83E1}
	EndGlobalSection
EndGlobal
